PODS:
  - device_info (0.0.1):
    - Flutter
  - Flutter (1.0.0)
  - native_pdf_renderer (1.1.0):
    - Flutter
  - path_provider (0.0.1):
    - Flutter

DEPENDENCIES:
  - device_info (from `.symlinks/plugins/device_info/ios`)
  - Flutter (from `Flutter`)
  - native_pdf_renderer (from `.symlinks/plugins/native_pdf_renderer/ios`)
  - path_provider (from `.symlinks/plugins/path_provider/ios`)

EXTERNAL SOURCES:
  device_info:
    :path: ".symlinks/plugins/device_info/ios"
  Flutter:
    :path: Flutter
  native_pdf_renderer:
    :path: ".symlinks/plugins/native_pdf_renderer/ios"
  path_provider:
    :path: ".symlinks/plugins/path_provider/ios"

SPEC CHECKSUMS:
  device_info: d7d233b645a32c40dfdc212de5cf646ca482f175
  Flutter: 0e3d915762c693b495b44d77113d4970485de6ec
  native_pdf_renderer: 3e81ffe3d40668cce75694596201bb9fb0fdb6e9
  path_provider: abfe2b5c733d04e238b0d8691db0cfd63a27a93c

PODFILE CHECKSUM: aafe91acc616949ddb318b77800a7f51bffa2a4c

COCOAPODS: 1.10.0
