PODS:
  - device_info_plus_macos (0.0.1):
    - FlutterMacOS
  - FlutterMacOS (1.0.0)
  - pdf_renderer (1.0.0):
    - FlutterMacOS

DEPENDENCIES:
  - device_info_plus_macos (from `Flutter/ephemeral/.symlinks/plugins/device_info_plus_macos/macos`)
  - FlutterMacOS (from `Flutter/ephemeral`)
  - pdf_renderer (from `Flutter/ephemeral/.symlinks/plugins/pdf_renderer/macos`)

EXTERNAL SOURCES:
  device_info_plus_macos:
    :path: Flutter/ephemeral/.symlinks/plugins/device_info_plus_macos/macos
  FlutterMacOS:
    :path: Flutter/ephemeral
  pdf_renderer:
    :path: Flutter/ephemeral/.symlinks/plugins/pdf_renderer/macos

SPEC CHECKSUMS:
  device_info_plus_macos: 1ad388a1ef433505c4038e7dd9605aadd1e2e9c7
  FlutterMacOS: 57701585bf7de1b3fc2bb61f6378d73bbdea8424
  pdf_renderer: 69431d17786e49850e9c58162c10459e4a39ee9f

PODFILE CHECKSUM: 6eac6b3292e5142cfc23bdeb71848a40ec51c14c

COCOAPODS: 1.11.2
